<?xml version="1.0" encoding="utf-8"?>
<Project ToolsVersion="4.0" xmlns="http://schemas.microsoft.com/developer/msbuild/2003">
  <ItemGroup>
    <Filter Include="源文件">
      <UniqueIdentifier>{4FC737F1-C7A5-4376-A066-2A32D752A2FF}</UniqueIdentifier>
      <Extensions>cpp;c;cc;cxx;def;odl;idl;hpj;bat;asm;asmx</Extensions>
    </Filter>
    <Filter Include="头文件">
      <UniqueIdentifier>{93995380-89BD-4b04-88EB-625FBE52EBFB}</UniqueIdentifier>
      <Extensions>h;hh;hpp;hxx;hm;inl;inc;xsd</Extensions>
    </Filter>
    <Filter Include="资源文件">
      <UniqueIdentifier>{67DA6AB6-F800-4c08-8B7A-83BB121AAD01}</UniqueIdentifier>
      <Extensions>rc;ico;cur;bmp;dlg;rc2;rct;bin;rgs;gif;jpg;jpeg;jpe;resx;tiff;tif;png;wav;mfcribbon-ms</Extensions>
    </Filter>
    <Filter Include="头文件\encoder">
      <UniqueIdentifier>{c55f924b-98c3-44f7-93b2-6e7691fbc97b}</UniqueIdentifier>
    </Filter>
    <Filter Include="头文件\mpdgenerator">
      <UniqueIdentifier>{4175b27d-67a1-432b-86c8-a974f81ec20d}</UniqueIdentifier>
    </Filter>
    <Filter Include="头文件\multiplexer">
      <UniqueIdentifier>{400a1aeb-ab22-4b44-b2ae-81db9343cbff}</UniqueIdentifier>
    </Filter>
    <Filter Include="源文件\encoder">
      <UniqueIdentifier>{f3f50f8b-473a-4b36-b14e-320f7f1e22e2}</UniqueIdentifier>
    </Filter>
    <Filter Include="源文件\mpdgenerator">
      <UniqueIdentifier>{657448bb-addf-4e88-b935-d476f8bd5b5e}</UniqueIdentifier>
    </Filter>
    <Filter Include="源文件\multiplexer">
      <UniqueIdentifier>{6078d7ca-8c3d-4f0d-a751-a8084fcb7b21}</UniqueIdentifier>
    </Filter>
  </ItemGroup>
  <ItemGroup>
    <ClInclude Include="encoder\AbstractAudioEncoder.h">
      <Filter>头文件\encoder</Filter>
    </ClInclude>
    <ClInclude Include="encoder\AbstractEncoder.h">
      <Filter>头文件\encoder</Filter>
    </ClInclude>
    <ClInclude Include="encoder\AbstractVideoEncoder.h">
      <Filter>头文件\encoder</Filter>
    </ClInclude>
    <ClInclude Include="encoder\EncoderFactory.h">
      <Filter>头文件\encoder</Filter>
    </ClInclude>
    <ClInclude Include="encoder\IEncoder.h">
      <Filter>头文件\encoder</Filter>
    </ClInclude>
    <ClInclude Include="encoder\vp8Encoder.h">
      <Filter>头文件\encoder</Filter>
    </ClInclude>
    <ClInclude Include="mpdgenerator\MPDGenerator.h">
      <Filter>头文件\mpdgenerator</Filter>
    </ClInclude>
    <ClInclude Include="multiplexer\AbstractMultiplexer.h">
      <Filter>头文件\multiplexer</Filter>
    </ClInclude>
    <ClInclude Include="multiplexer\IMultiplexer.h">
      <Filter>头文件\multiplexer</Filter>
    </ClInclude>
    <ClInclude Include="multiplexer\MP4BoxMultiplexer.h">
      <Filter>头文件\multiplexer</Filter>
    </ClInclude>
    <ClInclude Include="AnyOption.h">
      <Filter>头文件</Filter>
    </ClInclude>
    <ClInclude Include="DASHHelper.h">
      <Filter>头文件</Filter>
    </ClInclude>
    <ClInclude Include="encoder\h264Encoder.h">
      <Filter>头文件\encoder</Filter>
    </ClInclude>
    <ClInclude Include="encoder\aacEncoder.h">
      <Filter>头文件\encoder</Filter>
    </ClInclude>
  </ItemGroup>
  <ItemGroup>
    <ClCompile Include="encoder\AbstractAudioEncoder.cpp">
      <Filter>源文件\encoder</Filter>
    </ClCompile>
    <ClCompile Include="encoder\AbstractEncoder.cpp">
      <Filter>源文件\encoder</Filter>
    </ClCompile>
    <ClCompile Include="encoder\AbstractVideoEncoder.cpp">
      <Filter>源文件\encoder</Filter>
    </ClCompile>
    <ClCompile Include="encoder\EncoderFactory.cpp">
      <Filter>源文件\encoder</Filter>
    </ClCompile>
    <ClCompile Include="encoder\vp8Encoder.cpp">
      <Filter>源文件\encoder</Filter>
    </ClCompile>
    <ClCompile Include="mpdgenerator\MPDGenerator.cpp">
      <Filter>源文件\mpdgenerator</Filter>
    </ClCompile>
    <ClCompile Include="multiplexer\AbstractMultiplexer.cpp">
      <Filter>源文件\multiplexer</Filter>
    </ClCompile>
    <ClCompile Include="multiplexer\MP4BoxMultiplexer.cpp">
      <Filter>源文件\multiplexer</Filter>
    </ClCompile>
    <ClCompile Include="AnyOption.cpp">
      <Filter>源文件</Filter>
    </ClCompile>
    <ClCompile Include="encoder\h264Encoder.cpp">
      <Filter>源文件\encoder</Filter>
    </ClCompile>
    <ClCompile Include="encoder\aacEncoder.cpp">
      <Filter>源文件\encoder</Filter>
    </ClCompile>
    <ClCompile Include="DASHEncoder2.cpp">
      <Filter>源文件</Filter>
    </ClCompile>
  </ItemGroup>
</Project>